{
  "name": "ScrumAI",
  "lockfileVersion": 3,
  "requires": true,
  "packages": {
    "": {
      "dependencies": {
        "vibe-kanban": "^0.1.19"
      }
    },
    "node_modules/adm-zip": {
      "version": "0.5.16",
      "resolved": "https://registry.npmjs.org/adm-zip/-/adm-zip-0.5.16.tgz",
      "integrity": "sha512-TGw5yVi4saajsSEgz25grObGHEUaDrniwvA2qwSC060KfqGPdglhvPMA2lPIoxs3PQIItj2iag35fONcQqgUaQ==",
      "license": "MIT",
      "engines": {
        "node": ">=12.0"
      }
    },
    "node_modules/vibe-kanban": {
      "version": "0.1.19",
      "resolved": "https://registry.npmjs.org/vibe-kanban/-/vibe-kanban-0.1.19.tgz",
      "integrity": "sha512-j2h7Vi+Qf1f8/6ty0zTePqJe+SBJAZf4ILrvfhnNpq0oMXPFSC1nt78idcTOabgvOGy6xofL8csikvHysTFJOA==",
      "dependencies": {
        "adm-zip": "^0.5.16"
      },
      "bin": {
        "vibe-kanban": "bin/cli.js"
      }
    }
  }
}
